
Microsoft Visual Studio Solution File, Format Version 12.00
# Visual Studio Version 17
VisualStudioVersion = 17.7.34031.279
MinimumVisualStudioVersion = 10.0.40219.1
Project("{9A19103F-16F7-4668-BE54-9A1E7A4F7556}") = "PrimalEditor", "PrimalEditor\PrimalEditor.csproj", "{F094D102-5693-46FA-A575-2240AAFC6E47}"
EndProject
Project("{8BC9CEB8-8B4A-11D0-8D11-00A0C91BC942}") = "Engine", "Engine\Engine.vcxproj", "{5DCABEFE-BEF6-4304-8284-D51041097714}"
EndProject
Global
	GlobalSection(SolutionConfigurationPlatforms) = preSolution
		Debug|Any CPU = Debug|Any CPU
		Debug|x64 = Debug|x64
		Release|Any CPU = Release|Any CPU
		Release|x64 = Release|x64
	EndGlobalSection
	GlobalSection(ProjectConfigurationPlatforms) = postSolution
		{F094D102-5693-46FA-A575-2240AAFC6E47}.Debug|Any CPU.ActiveCfg = Debug|Any CPU
		{F094D102-5693-46FA-A575-2240AAFC6E47}.Debug|Any CPU.Build.0 = Debug|Any CPU
		{F094D102-5693-46FA-A575-2240AAFC6E47}.Debug|x64.ActiveCfg = Debug|Any CPU
		{F094D102-5693-46FA-A575-2240AAFC6E47}.Debug|x64.Build.0 = Debug|Any CPU
		{F094D102-5693-46FA-A575-2240AAFC6E47}.Release|Any CPU.ActiveCfg = Release|Any CPU
		{F094D102-5693-46FA-A575-2240AAFC6E47}.Release|Any CPU.Build.0 = Release|Any CPU
		{F094D102-5693-46FA-A575-2240AAFC6E47}.Release|x64.ActiveCfg = Release|Any CPU
		{F094D102-5693-46FA-A575-2240AAFC6E47}.Release|x64.Build.0 = Release|Any CPU
		{5DCABEFE-BEF6-4304-8284-D51041097714}.Debug|Any CPU.ActiveCfg = Debug|x64
		{5DCABEFE-BEF6-4304-8284-D51041097714}.Debug|Any CPU.Build.0 = Debug|x64
		{5DCABEFE-BEF6-4304-8284-D51041097714}.Debug|x64.ActiveCfg = Debug|x64
		{5DCABEFE-BEF6-4304-8284-D51041097714}.Debug|x64.Build.0 = Debug|x64
		{5DCABEFE-BEF6-4304-8284-D51041097714}.Release|Any CPU.ActiveCfg = Release|x64
		{5DCABEFE-BEF6-4304-8284-D51041097714}.Release|Any CPU.Build.0 = Release|x64
		{5DCABEFE-BEF6-4304-8284-D51041097714}.Release|x64.ActiveCfg = Release|x64
		{5DCABEFE-BEF6-4304-8284-D51041097714}.Release|x64.Build.0 = Release|x64
	EndGlobalSection
	GlobalSection(SolutionProperties) = preSolution
		HideSolutionNode = FALSE
	EndGlobalSection
	GlobalSection(ExtensibilityGlobals) = postSolution
		SolutionGuid = {8112308C-A590-4FC8-B960-28AB00863E5F}
	EndGlobalSection
EndGlobal
